// !$*UTF8*$!
{
	archiveVersion = 1;
	classes = {
	};
	objectVersion = 46;
	objects = {

/* Begin PBXBuildFile section */
		6B40684EC734445DFA57C4DD /* Pods_meegTest.framework in Frameworks */ = {isa = PBXBuildFile; fileRef = AF51CFDD607AC26C334F13CE /* Pods_meegTest.framework */; };
		846FBE121E982897000C5C39 /* AppDelegate.swift in Sources */ = {isa = PBXBuildFile; fileRef = 846FBE111E982897000C5C39 /* AppDelegate.swift */; };
		846FBE141E982897000C5C39 /* ViewController.swift in Sources */ = {isa = PBXBuildFile; fileRef = 846FBE131E982897000C5C39 /* ViewController.swift */; };
		846FBE171E982897000C5C39 /* Main.storyboard in Resources */ = {isa = PBXBuildFile; fileRef = 846FBE151E982897000C5C39 /* Main.storyboard */; };
		846FBE1A1E982897000C5C39 /* meegTest.xcdatamodeld in Sources */ = {isa = PBXBuildFile; fileRef = 846FBE181E982897000C5C39 /* meegTest.xcdatamodeld */; };
		846FBE1C1E982897000C5C39 /* Assets.xcassets in Resources */ = {isa = PBXBuildFile; fileRef = 846FBE1B1E982897000C5C39 /* Assets.xcassets */; };
		846FBE1F1E982897000C5C39 /* LaunchScreen.storyboard in Resources */ = {isa = PBXBuildFile; fileRef = 846FBE1D1E982897000C5C39 /* LaunchScreen.storyboard */; };
		8E77DDC21EA1158C0064C3E2 /* EmojisVC.swift in Sources */ = {isa = PBXBuildFile; fileRef = 8E77DDC11EA1158C0064C3E2 /* EmojisVC.swift */; };
		8E77DDC61EA14F110064C3E2 /* PrincipalVC.swift in Sources */ = {isa = PBXBuildFile; fileRef = 8E77DDC51EA14F110064C3E2 /* PrincipalVC.swift */; };
		8E77DDC81EA14FB90064C3E2 /* EmojiCell.swift in Sources */ = {isa = PBXBuildFile; fileRef = 8E77DDC71EA14FB90064C3E2 /* EmojiCell.swift */; };
		8EDAD12F1E9D821500B3D2DC /* CroppedVC.swift in Sources */ = {isa = PBXBuildFile; fileRef = 8EDAD12E1E9D821500B3D2DC /* CroppedVC.swift */; };
		8EDAD1311E9D89EF00B3D2DC /* Cropper.swift in Sources */ = {isa = PBXBuildFile; fileRef = 8EDAD1301E9D89EF00B3D2DC /* Cropper.swift */; };
/* End PBXBuildFile section */

/* Begin PBXFileReference section */
		3DE634AEC178C37E1E71E15D /* Pods-meegTest.debug.xcconfig */ = {isa = PBXFileReference; includeInIndex = 1; lastKnownFileType = text.xcconfig; name = "Pods-meegTest.debug.xcconfig"; path = "Pods/Target Support Files/Pods-meegTest/Pods-meegTest.debug.xcconfig"; sourceTree = "<group>"; };
		4E986B659B392B4C070F2989 /* Pods-meegTest.release.xcconfig */ = {isa = PBXFileReference; includeInIndex = 1; lastKnownFileType = text.xcconfig; name = "Pods-meegTest.release.xcconfig"; path = "Pods/Target Support Files/Pods-meegTest/Pods-meegTest.release.xcconfig"; sourceTree = "<group>"; };
		846FBE0E1E982897000C5C39 /* meegTest.app */ = {isa = PBXFileReference; explicitFileType = wrapper.application; includeInIndex = 0; path = meegTest.app; sourceTree = BUILT_PRODUCTS_DIR; };
		846FBE111E982897000C5C39 /* AppDelegate.swift */ = {isa = PBXFileReference; lastKnownFileType = sourcecode.swift; path = AppDelegate.swift; sourceTree = "<group>"; };
		846FBE131E982897000C5C39 /* ViewController.swift */ = {isa = PBXFileReference; lastKnownFileType = sourcecode.swift; path = ViewController.swift; sourceTree = "<group>"; };
		846FBE161E982897000C5C39 /* Base */ = {isa = PBXFileReference; lastKnownFileType = file.storyboard; name = Base; path = Base.lproj/Main.storyboard; sourceTree = "<group>"; };
		846FBE191E982897000C5C39 /* meegTest.xcdatamodel */ = {isa = PBXFileReference; lastKnownFileType = wrapper.xcdatamodel; path = meegTest.xcdatamodel; sourceTree = "<group>"; };
		846FBE1B1E982897000C5C39 /* Assets.xcassets */ = {isa = PBXFileReference; lastKnownFileType = folder.assetcatalog; path = Assets.xcassets; sourceTree = "<group>"; };
		846FBE1E1E982897000C5C39 /* Base */ = {isa = PBXFileReference; lastKnownFileType = file.storyboard; name = Base; path = Base.lproj/LaunchScreen.storyboard; sourceTree = "<group>"; };
		846FBE201E982897000C5C39 /* Info.plist */ = {isa = PBXFileReference; lastKnownFileType = text.plist.xml; path = Info.plist; sourceTree = "<group>"; };
		8E77DDC11EA1158C0064C3E2 /* EmojisVC.swift */ = {isa = PBXFileReference; fileEncoding = 4; lastKnownFileType = sourcecode.swift; path = EmojisVC.swift; sourceTree = "<group>"; };
		8E77DDC51EA14F110064C3E2 /* PrincipalVC.swift */ = {isa = PBXFileReference; fileEncoding = 4; lastKnownFileType = sourcecode.swift; path = PrincipalVC.swift; sourceTree = "<group>"; };
		8E77DDC71EA14FB90064C3E2 /* EmojiCell.swift */ = {isa = PBXFileReference; fileEncoding = 4; lastKnownFileType = sourcecode.swift; path = EmojiCell.swift; sourceTree = "<group>"; };
		8EDAD12E1E9D821500B3D2DC /* CroppedVC.swift */ = {isa = PBXFileReference; fileEncoding = 4; lastKnownFileType = sourcecode.swift; path = CroppedVC.swift; sourceTree = "<group>"; };
		8EDAD1301E9D89EF00B3D2DC /* Cropper.swift */ = {isa = PBXFileReference; fileEncoding = 4; lastKnownFileType = sourcecode.swift; path = Cropper.swift; sourceTree = "<group>"; };
		AF51CFDD607AC26C334F13CE /* Pods_meegTest.framework */ = {isa = PBXFileReference; explicitFileType = wrapper.framework; includeInIndex = 0; path = Pods_meegTest.framework; sourceTree = BUILT_PRODUCTS_DIR; };
/* End PBXFileReference section */

/* Begin PBXFrameworksBuildPhase section */
		846FBE0B1E982897000C5C39 /* Frameworks */ = {
			isa = PBXFrameworksBuildPhase;
			buildActionMask = 2147483647;
			files = (
				6B40684EC734445DFA57C4DD /* Pods_meegTest.framework in Frameworks */,
			);
			runOnlyForDeploymentPostprocessing = 0;
		};
/* End PBXFrameworksBuildPhase section */

/* Begin PBXGroup section */
		846FBE051E982896000C5C39 = {
			isa = PBXGroup;
			children = (
				846FBE101E982897000C5C39 /* meegTest */,
				846FBE0F1E982897000C5C39 /* Products */,
				F7E6775C23FDC2371BC8B978 /* Pods */,
				A2A75A86F6B5A983782D65F7 /* Frameworks */,
			);
			sourceTree = "<group>";
		};
		846FBE0F1E982897000C5C39 /* Products */ = {
			isa = PBXGroup;
			children = (
				846FBE0E1E982897000C5C39 /* meegTest.app */,
			);
			name = Products;
			sourceTree = "<group>";
		};
		846FBE101E982897000C5C39 /* meegTest */ = {
			isa = PBXGroup;
			children = (
				846FBE111E982897000C5C39 /* AppDelegate.swift */,
				846FBE131E982897000C5C39 /* ViewController.swift */,
				8EDAD1301E9D89EF00B3D2DC /* Cropper.swift */,
				846FBE151E982897000C5C39 /* Main.storyboard */,
				8E77DDC11EA1158C0064C3E2 /* EmojisVC.swift */,
				8EDAD12E1E9D821500B3D2DC /* CroppedVC.swift */,
				846FBE1B1E982897000C5C39 /* Assets.xcassets */,
				846FBE1D1E982897000C5C39 /* LaunchScreen.storyboard */,
				846FBE201E982897000C5C39 /* Info.plist */,
				846FBE181E982897000C5C39 /* meegTest.xcdatamodeld */,
				8E77DDC51EA14F110064C3E2 /* PrincipalVC.swift */,
				8E77DDC71EA14FB90064C3E2 /* EmojiCell.swift */,
			);
			path = meegTest;
			sourceTree = "<group>";
		};
		A2A75A86F6B5A983782D65F7 /* Frameworks */ = {
			isa = PBXGroup;
			children = (
				AF51CFDD607AC26C334F13CE /* Pods_meegTest.framework */,
			);
			name = Frameworks;
			sourceTree = "<group>";
		};
		F7E6775C23FDC2371BC8B978 /* Pods */ = {
			isa = PBXGroup;
			children = (
				3DE634AEC178C37E1E71E15D /* Pods-meegTest.debug.xcconfig */,
				4E986B659B392B4C070F2989 /* Pods-meegTest.release.xcconfig */,
			);
			name = Pods;
			sourceTree = "<group>";
		};
/* End PBXGroup section */

/* Begin PBXNativeTarget section */
		846FBE0D1E982897000C5C39 /* meegTest */ = {
			isa = PBXNativeTarget;
			buildConfigurationList = 846FBE231E982897000C5C39 /* Build configuration list for PBXNativeTarget "meegTest" */;
			buildPhases = (
				35E4C3DE5B3D94BDB2EFA9B5 /* [CP] Check Pods Manifest.lock */,
				846FBE0A1E982897000C5C39 /* Sources */,
				846FBE0B1E982897000C5C39 /* Frameworks */,
				846FBE0C1E982897000C5C39 /* Resources */,
				69245B6B8A16AD7722C29B34 /* [CP] Embed Pods Frameworks */,
				71F8EDCCF09AB486BBD1539E /* [CP] Copy Pods Resources */,
			);
			buildRules = (
			);
			dependencies = (
			);
			name = meegTest;
			productName = meegTest;
			productReference = 846FBE0E1E982897000C5C39 /* meegTest.app */;
			productType = "com.apple.product-type.application";
		};
/* End PBXNativeTarget section */

/* Begin PBXProject section */
		846FBE061E982896000C5C39 /* Project object */ = {
			isa = PBXProject;
			attributes = {
				LastSwiftUpdateCheck = 0820;
				LastUpgradeCheck = 0820;
				ORGANIZATIONNAME = frank;
				TargetAttributes = {
					846FBE0D1E982897000C5C39 = {
						CreatedOnToolsVersion = 8.2.1;
						DevelopmentTeam = P9225KGPYB;
						ProvisioningStyle = Automatic;
					};
				};
			};
			buildConfigurationList = 846FBE091E982896000C5C39 /* Build configuration list for PBXProject "meegTest" */;
			compatibilityVersion = "Xcode 3.2";
			developmentRegion = English;
			hasScannedForEncodings = 0;
			knownRegions = (
				en,
				Base,
			);
			mainGroup = 846FBE051E982896000C5C39;
			productRefGroup = 846FBE0F1E982897000C5C39 /* Products */;
			projectDirPath = "";
			projectRoot = "";
			targets = (
				846FBE0D1E982897000C5C39 /* meegTest */,
			);
		};
/* End PBXProject section */

/* Begin PBXResourcesBuildPhase section */
		846FBE0C1E982897000C5C39 /* Resources */ = {
			isa = PBXResourcesBuildPhase;
			buildActionMask = 2147483647;
			files = (
				846FBE1F1E982897000C5C39 /* LaunchScreen.storyboard in Resources */,
				846FBE1C1E982897000C5C39 /* Assets.xcassets in Resources */,
				846FBE171E982897000C5C39 /* Main.storyboard in Resources */,
			);
			runOnlyForDeploymentPostprocessing = 0;
		};
/* End PBXResourcesBuildPhase section */

/* Begin PBXShellScriptBuildPhase section */
		35E4C3DE5B3D94BDB2EFA9B5 /* [CP] Check Pods Manifest.lock */ = {
			isa = PBXShellScriptBuildPhase;
			buildActionMask = 2147483647;
			files = (
			);
			inputPaths = (
			);
			name = "[CP] Check Pods Manifest.lock";
			outputPaths = (
			);
			runOnlyForDeploymentPostprocessing = 0;
			shellPath = /bin/sh;
			shellScript = "diff \"${PODS_ROOT}/../Podfile.lock\" \"${PODS_ROOT}/Manifest.lock\" > /dev/null\nif [ $? != 0 ] ; then\n    # print error to STDERR\n    echo \"error: The sandbox is not in sync with the Podfile.lock. Run 'pod install' or update your CocoaPods installation.\" >&2\n    exit 1\nfi\n";
			showEnvVarsInLog = 0;
		};
		69245B6B8A16AD7722C29B34 /* [CP] Embed Pods Frameworks */ = {
			isa = PBXShellScriptBuildPhase;
			buildActionMask = 2147483647;
			files = (
			);
			inputPaths = (
			);
			name = "[CP] Embed Pods Frameworks";
			outputPaths = (
			);
			runOnlyForDeploymentPostprocessing = 0;
			shellPath = /bin/sh;
			shellScript = "\"${SRCROOT}/Pods/Target Support Files/Pods-meegTest/Pods-meegTest-frameworks.sh\"\n";
			showEnvVarsInLog = 0;
		};
		71F8EDCCF09AB486BBD1539E /* [CP] Copy Pods Resources */ = {
			isa = PBXShellScriptBuildPhase;
			buildActionMask = 2147483647;
			files = (
			);
			inputPaths = (
			);
			name = "[CP] Copy Pods Resources";
			outputPaths = (
			);
			runOnlyForDeploymentPostprocessing = 0;
			shellPath = /bin/sh;
			shellScript = "\"${SRCROOT}/Pods/Target Support Files/Pods-meegTest/Pods-meegTest-resources.sh\"\n";
			showEnvVarsInLog = 0;
		};
/* End PBXShellScriptBuildPhase section */

/* Begin PBXSourcesBuildPhase section */
		846FBE0A1E982897000C5C39 /* Sources */ = {
			isa = PBXSourcesBuildPhase;
			buildActionMask = 2147483647;
			files = (
				8E77DDC61EA14F110064C3E2 /* PrincipalVC.swift in Sources */,
				8EDAD12F1E9D821500B3D2DC /* CroppedVC.swift in Sources */,
				846FBE1A1E982897000C5C39 /* meegTest.xcdatamodeld in Sources */,
				846FBE141E982897000C5C39 /* ViewController.swift in Sources */,
				8E77DDC21EA1158C0064C3E2 /* EmojisVC.swift in Sources */,
				846FBE121E982897000C5C39 /* AppDelegate.swift in Sources */,
				8E77DDC81EA14FB90064C3E2 /* EmojiCell.swift in Sources */,
				8EDAD1311E9D89EF00B3D2DC /* Cropper.swift in Sources */,
			);
			runOnlyForDeploymentPostprocessing = 0;
		};
/* End PBXSourcesBuildPhase section */

/* Begin PBXVariantGroup section */
		846FBE151E982897000C5C39 /* Main.storyboard */ = {
			isa = PBXVariantGroup;
			children = (
				846FBE161E982897000C5C39 /* Base */,
			);
			name = Main.storyboard;
			sourceTree = "<group>";
		};
		846FBE1D1E982897000C5C39 /* LaunchScreen.storyboard */ = {
			isa = PBXVariantGroup;
			children = (
				846FBE1E1E982897000C5C39 /* Base */,
			);
			name = LaunchScreen.storyboard;
			sourceTree = "<group>";
		};
/* End PBXVariantGroup section */

/* Begin XCBuildConfiguration section */
		846FBE211E982897000C5C39 /* Debug */ = {
			isa = XCBuildConfiguration;
			buildSettings = {
				ALWAYS_SEARCH_USER_PATHS = NO;
				CLANG_ANALYZER_NONNULL = YES;
				CLANG_CXX_LANGUAGE_STANDARD = "gnu++0x";
				CLANG_CXX_LIBRARY = "libc++";
				CLANG_ENABLE_MODULES = YES;
				CLANG_ENABLE_OBJC_ARC = YES;
				CLANG_WARN_BOOL_CONVERSION = YES;
				CLANG_WARN_CONSTANT_CONVERSION = YES;
				CLANG_WARN_DIRECT_OBJC_ISA_USAGE = YES_ERROR;
				CLANG_WARN_DOCUMENTATION_COMMENTS = YES;
				CLANG_WARN_EMPTY_BODY = YES;
				CLANG_WARN_ENUM_CONVERSION = YES;
				CLANG_WARN_INFINITE_RECURSION = YES;
				CLANG_WARN_INT_CONVERSION = YES;
				CLANG_WARN_OBJC_ROOT_CLASS = YES_ERROR;
				CLANG_WARN_SUSPICIOUS_MOVE = YES;
				CLANG_WARN_UNREACHABLE_CODE = YES;
				CLANG_WARN__DUPLICATE_METHOD_MATCH = YES;
				"CODE_SIGN_IDENTITY[sdk=iphoneos*]" = "iPhone Developer";
				COPY_PHASE_STRIP = NO;
				DEBUG_INFORMATION_FORMAT = dwarf;
				ENABLE_STRICT_OBJC_MSGSEND = YES;
				ENABLE_TESTABILITY = YES;
				GCC_C_LANGUAGE_STANDARD = gnu99;
				GCC_DYNAMIC_NO_PIC = NO;
				GCC_NO_COMMON_BLOCKS = YES;
				GCC_OPTIMIZATION_LEVEL = 0;
				GCC_PREPROCESSOR_DEFINITIONS = (
					"DEBUG=1",
					"$(inherited)",
				);
				GCC_WARN_64_TO_32_BIT_CONVERSION = YES;
				GCC_WARN_ABOUT_RETURN_TYPE = YES_ERROR;
				GCC_WARN_UNDECLARED_SELECTOR = YES;
				GCC_WARN_UNINITIALIZED_AUTOS = YES_AGGRESSIVE;
				GCC_WARN_UNUSED_FUNCTION = YES;
				GCC_WARN_UNUSED_VARIABLE = YES;
				IPHONEOS_DEPLOYMENT_TARGET = 10.2;
				MTL_ENABLE_DEBUG_INFO = YES;
				ONLY_ACTIVE_ARCH = YES;
				SDKROOT = iphoneos;
				SWIFT_ACTIVE_COMPILATION_CONDITIONS = DEBUG;
				SWIFT_OPTIMIZATION_LEVEL = "-Onone";
			};
			name = Debug;
		};
		846FBE221E982897000C5C39 /* Release */ = {
			isa = XCBuildConfiguration;
			buildSettings = {
				ALWAYS_SEARCH_USER_PATHS = NO;
				CLANG_ANALYZER_NONNULL = YES;
				CLANG_CXX_LANGUAGE_STANDARD = "gnu++0x";
				CLANG_CXX_LIBRARY = "libc++";
				CLANG_ENABLE_MODULES = YES;
				CLANG_ENABLE_OBJC_ARC = YES;
				CLANG_WARN_BOOL_CONVERSION = YES;
				CLANG_WARN_CONSTANT_CONVERSION = YES;
				CLANG_WARN_DIRECT_OBJC_ISA_USAGE = YES_ERROR;
				CLANG_WARN_DOCUMENTATION_COMMENTS = YES;
				CLANG_WARN_EMPTY_BODY = YES;
				CLANG_WARN_ENUM_CONVERSION = YES;
				CLANG_WARN_INFINITE_RECURSION = YES;
				CLANG_WARN_INT_CONVERSION = YES;
				CLANG_WARN_OBJC_ROOT_CLASS = YES_ERROR;
				CLANG_WARN_SUSPICIOUS_MOVE = YES;
				CLANG_WARN_UNREACHABLE_CODE = YES;
				CLANG_WARN__DUPLICATE_METHOD_MATCH = YES;
				"CODE_SIGN_IDENTITY[sdk=iphoneos*]" = "iPhone Developer";
				COPY_PHASE_STRIP = NO;
				DEBUG_INFORMATION_FORMAT = "dwarf-with-dsym";
				ENABLE_NS_ASSERTIONS = NO;
				ENABLE_STRICT_OBJC_MSGSEND = YES;
				GCC_C_LANGUAGE_STANDARD = gnu99;
				GCC_NO_COMMON_BLOCKS = YES;
				GCC_WARN_64_TO_32_BIT_CONVERSION = YES;
				GCC_WARN_ABOUT_RETURN_TYPE = YES_ERROR;
				GCC_WARN_UNDECLARED_SELECTOR = YES;
				GCC_WARN_UNINITIALIZED_AUTOS = YES_AGGRESSIVE;
				GCC_WARN_UNUSED_FUNCTION = YES;
				GCC_WARN_UNUSED_VARIABLE = YES;
				IPHONEOS_DEPLOYMENT_TARGET = 10.2;
				MTL_ENABLE_DEBUG_INFO = NO;
				SDKROOT = iphoneos;
				SWIFT_OPTIMIZATION_LEVEL = "-Owholemodule";
				VALIDATE_PRODUCT = YES;
			};
			name = Release;
		};
		846FBE241E982897000C5C39 /* Debug */ = {
			isa = XCBuildConfiguration;
			baseConfigurationReference = 3DE634AEC178C37E1E71E15D /* Pods-meegTest.debug.xcconfig */;
			buildSettings = {
				ASSETCATALOG_COMPILER_APPICON_NAME = AppIcon;
				DEVELOPMENT_TEAM = P9225KGPYB;
				INFOPLIST_FILE = meegTest/Info.plist;
				IPHONEOS_DEPLOYMENT_TARGET = 9.0;
				LD_RUNPATH_SEARCH_PATHS = "$(inherited) @executable_path/Frameworks";
				PRODUCT_BUNDLE_IDENTIFIER = frank.meegTest;
				PRODUCT_NAME = "$(TARGET_NAME)";
				SWIFT_VERSION = 3.0;
			};
			name = Debug;
		};
		846FBE251E982897000C5C39 /* Release */ = {
			isa = XCBuildConfiguration;
			baseConfigurationReference = 4E986B659B392B4C070F2989 /* Pods-meegTest.release.xcconfig */;
			buildSettings = {
				ASSETCATALOG_COMPILER_APPICON_NAME = AppIcon;
				DEVELOPMENT_TEAM = P9225KGPYB;
				INFOPLIST_FILE = meegTest/Info.plist;
				IPHONEOS_DEPLOYMENT_TARGET = 9.0;
				LD_RUNPATH_SEARCH_PATHS = "$(inherited) @executable_path/Frameworks";
				PRODUCT_BUNDLE_IDENTIFIER = frank.meegTest;
				PRODUCT_NAME = "$(TARGET_NAME)";
				SWIFT_VERSION = 3.0;
			};
			name = Release;
		};
/* End XCBuildConfiguration section */

/* Begin XCConfigurationList section */
		846FBE091E982896000C5C39 /* Build configuration list for PBXProject "meegTest" */ = {
			isa = XCConfigurationList;
			buildConfigurations = (
				846FBE211E982897000C5C39 /* Debug */,
				846FBE221E982897000C5C39 /* Release */,
			);
			defaultConfigurationIsVisible = 0;
			defaultConfigurationName = Release;
		};
		846FBE231E982897000C5C39 /* Build configuration list for PBXNativeTarget "meegTest" */ = {
			isa = XCConfigurationList;
			buildConfigurations = (
				846FBE241E982897000C5C39 /* Debug */,
				846FBE251E982897000C5C39 /* Release */,
			);
			defaultConfigurationIsVisible = 0;
			defaultConfigurationName = Release;
		};
/* End XCConfigurationList section */

/* Begin XCVersionGroup section */
		846FBE181E982897000C5C39 /* meegTest.xcdatamodeld */ = {
			isa = XCVersionGroup;
			children = (
				846FBE191E982897000C5C39 /* meegTest.xcdatamodel */,
			);
			currentVersion = 846FBE191E982897000C5C39 /* meegTest.xcdatamodel */;
			path = meegTest.xcdatamodeld;
			sourceTree = "<group>";
			versionGroupType = wrapper.xcdatamodel;
		};
/* End XCVersionGroup section */
	};
	rootObject = 846FBE061E982896000C5C39 /* Project object */;
}
